
Microsoft Visual Studio Solution File, Format Version 12.00
# Visual Studio 15
VisualStudioVersion = 15.0.26403.3
MinimumVisualStudioVersion = 10.0.40219.1
Project("{FAE04EC0-301F-11D3-BF4B-00C04F79EFBC}") = "MunichCityLibraryReminder", "MunichCityLibraryReminder\MunichCityLibraryReminder.csproj", "{6D5D7CB8-D016-4C90-8699-40B14AD55352}"
EndProject
Project("{FAE04EC0-301F-11D3-BF4B-00C04F79EFBC}") = "MunichCityLibraryReminderTest", "MunichCityLibraryReminderTest\MunichCityLibraryReminderTest.csproj", "{E8D19C02-C643-4C20-B4F1-CBCD7139584F}"
EndProject
Project("{2150E333-8FDC-42A3-9474-1A3956D46DE8}") = "Solution Items", "Solution Items", "{9F24EA18-E9AF-4CE3-9635-C5BC380EF13C}"
	ProjectSection(SolutionItems) = preProject
		Local.testsettings = Local.testsettings
		MunichCityLibraryReminder.vsmdi = MunichCityLibraryReminder.vsmdi
		TraceAndTestImpact.testsettings = TraceAndTestImpact.testsettings
	EndProjectSection
EndProject
Project("{930C7802-8A8C-48F9-8165-68863BCCD9DD}") = "WixSetup", "WixSetup\WixSetup.wixproj", "{613AB843-3921-4A0D-9187-B1AA1159357B}"
EndProject
Global
	GlobalSection(SolutionConfigurationPlatforms) = preSolution
		Debug|Any CPU = Debug|Any CPU
		Debug|Mixed Platforms = Debug|Mixed Platforms
		Debug|x86 = Debug|x86
		Release|Any CPU = Release|Any CPU
		Release|Mixed Platforms = Release|Mixed Platforms
		Release|x86 = Release|x86
	EndGlobalSection
	GlobalSection(ProjectConfigurationPlatforms) = postSolution
		{6D5D7CB8-D016-4C90-8699-40B14AD55352}.Debug|Any CPU.ActiveCfg = Debug|Any CPU
		{6D5D7CB8-D016-4C90-8699-40B14AD55352}.Debug|Any CPU.Build.0 = Debug|Any CPU
		{6D5D7CB8-D016-4C90-8699-40B14AD55352}.Debug|Mixed Platforms.ActiveCfg = Debug|Any CPU
		{6D5D7CB8-D016-4C90-8699-40B14AD55352}.Debug|Mixed Platforms.Build.0 = Debug|Any CPU
		{6D5D7CB8-D016-4C90-8699-40B14AD55352}.Debug|x86.ActiveCfg = Debug|Any CPU
		{6D5D7CB8-D016-4C90-8699-40B14AD55352}.Release|Any CPU.ActiveCfg = Release|Any CPU
		{6D5D7CB8-D016-4C90-8699-40B14AD55352}.Release|Any CPU.Build.0 = Release|Any CPU
		{6D5D7CB8-D016-4C90-8699-40B14AD55352}.Release|Mixed Platforms.ActiveCfg = Release|Any CPU
		{6D5D7CB8-D016-4C90-8699-40B14AD55352}.Release|Mixed Platforms.Build.0 = Release|Any CPU
		{6D5D7CB8-D016-4C90-8699-40B14AD55352}.Release|x86.ActiveCfg = Release|Any CPU
		{E8D19C02-C643-4C20-B4F1-CBCD7139584F}.Debug|Any CPU.ActiveCfg = Debug|Any CPU
		{E8D19C02-C643-4C20-B4F1-CBCD7139584F}.Debug|Any CPU.Build.0 = Debug|Any CPU
		{E8D19C02-C643-4C20-B4F1-CBCD7139584F}.Debug|Mixed Platforms.ActiveCfg = Debug|Any CPU
		{E8D19C02-C643-4C20-B4F1-CBCD7139584F}.Debug|Mixed Platforms.Build.0 = Debug|Any CPU
		{E8D19C02-C643-4C20-B4F1-CBCD7139584F}.Debug|x86.ActiveCfg = Debug|Any CPU
		{E8D19C02-C643-4C20-B4F1-CBCD7139584F}.Release|Any CPU.ActiveCfg = Release|Any CPU
		{E8D19C02-C643-4C20-B4F1-CBCD7139584F}.Release|Any CPU.Build.0 = Release|Any CPU
		{E8D19C02-C643-4C20-B4F1-CBCD7139584F}.Release|Mixed Platforms.ActiveCfg = Release|Any CPU
		{E8D19C02-C643-4C20-B4F1-CBCD7139584F}.Release|Mixed Platforms.Build.0 = Release|Any CPU
		{E8D19C02-C643-4C20-B4F1-CBCD7139584F}.Release|x86.ActiveCfg = Release|Any CPU
		{613AB843-3921-4A0D-9187-B1AA1159357B}.Debug|Any CPU.ActiveCfg = Debug|x86
		{613AB843-3921-4A0D-9187-B1AA1159357B}.Debug|Mixed Platforms.ActiveCfg = Debug|x86
		{613AB843-3921-4A0D-9187-B1AA1159357B}.Debug|Mixed Platforms.Build.0 = Debug|x86
		{613AB843-3921-4A0D-9187-B1AA1159357B}.Debug|x86.ActiveCfg = Debug|x86
		{613AB843-3921-4A0D-9187-B1AA1159357B}.Debug|x86.Build.0 = Debug|x86
		{613AB843-3921-4A0D-9187-B1AA1159357B}.Release|Any CPU.ActiveCfg = Release|x86
		{613AB843-3921-4A0D-9187-B1AA1159357B}.Release|Mixed Platforms.ActiveCfg = Release|x86
		{613AB843-3921-4A0D-9187-B1AA1159357B}.Release|Mixed Platforms.Build.0 = Release|x86
		{613AB843-3921-4A0D-9187-B1AA1159357B}.Release|x86.ActiveCfg = Release|x86
		{613AB843-3921-4A0D-9187-B1AA1159357B}.Release|x86.Build.0 = Release|x86
	EndGlobalSection
	GlobalSection(SolutionProperties) = preSolution
		HideSolutionNode = FALSE
	EndGlobalSection
	GlobalSection(ExtensibilityGlobals) = postSolution
		EnterpriseLibraryConfigurationToolBinariesPath = packages\Unity.2.1.505.0\lib\NET35;packages\Unity.Interception.2.1.505.0\lib\NET35;packages\EnterpriseLibrary.Common.5.0.505.0\lib\NET35;packages\EnterpriseLibrary.Logging.5.0.505.1\lib\NET35
	EndGlobalSection
	GlobalSection(TestCaseManagementSettings) = postSolution
		CategoryFile = MunichCityLibraryReminder.vsmdi
	EndGlobalSection
EndGlobal
